// !$*UTF8*$!
{
	archiveVersion = 1;
	classes = {
	};
	objectVersion = 56;
	objects = {

/* Begin PBXBuildFile section */
		501063B62AD1715D00AE10F1 /* UltimatePortfolioApp.swift in Sources */ = {isa = PBXBuildFile; fileRef = 501063B52AD1715D00AE10F1 /* UltimatePortfolioApp.swift */; };
		501063B82AD1715D00AE10F1 /* ContentView.swift in Sources */ = {isa = PBXBuildFile; fileRef = 501063B72AD1715D00AE10F1 /* ContentView.swift */; };
		501063BA2AD1715F00AE10F1 /* Assets.xcassets in Resources */ = {isa = PBXBuildFile; fileRef = 501063B92AD1715F00AE10F1 /* Assets.xcassets */; };
		501063BE2AD1715F00AE10F1 /* Preview Assets.xcassets in Resources */ = {isa = PBXBuildFile; fileRef = 501063BD2AD1715F00AE10F1 /* Preview Assets.xcassets */; };
		501063C62AD18E1200AE10F1 /* Main.xcdatamodeld in Sources */ = {isa = PBXBuildFile; fileRef = 501063C42AD18E1200AE10F1 /* Main.xcdatamodeld */; };
		501063C82AD191A000AE10F1 /* DataController.swift in Sources */ = {isa = PBXBuildFile; fileRef = 501063C72AD191A000AE10F1 /* DataController.swift */; };
		50237D052AD7240A00E97BC1 /* Issue-CoreDataHelpers.swift in Sources */ = {isa = PBXBuildFile; fileRef = 50237D042AD7240A00E97BC1 /* Issue-CoreDataHelpers.swift */; };
		50237D072AD724AF00E97BC1 /* Tag-CoreDataHelpers.swift in Sources */ = {isa = PBXBuildFile; fileRef = 50237D062AD724AF00E97BC1 /* Tag-CoreDataHelpers.swift */; };
		50237D092AD735C300E97BC1 /* IssueRow.swift in Sources */ = {isa = PBXBuildFile; fileRef = 50237D082AD735C300E97BC1 /* IssueRow.swift */; };
		507126592AF4209B00D7BDF0 /* Bundle-Decodable.swift in Sources */ = {isa = PBXBuildFile; fileRef = 507126582AF4209B00D7BDF0 /* Bundle-Decodable.swift */; };
		5071265D2AF4309E00D7BDF0 /* Award.swift in Sources */ = {isa = PBXBuildFile; fileRef = 5071265C2AF4309E00D7BDF0 /* Award.swift */; };
		5071265F2AF432C400D7BDF0 /* AwardsView.swift in Sources */ = {isa = PBXBuildFile; fileRef = 5071265E2AF432C400D7BDF0 /* AwardsView.swift */; };
		507126612AF43D6100D7BDF0 /* Colors.xcassets in Resources */ = {isa = PBXBuildFile; fileRef = 507126602AF43D6100D7BDF0 /* Colors.xcassets */; };
		507928EC2AF68F7300F046BB /* Localizable.xcstrings in Resources */ = {isa = PBXBuildFile; fileRef = 507928EB2AF68F7300F046BB /* Localizable.xcstrings */; };
		507928ED2AF6C64F00F046BB /* Awards.json in Resources */ = {isa = PBXBuildFile; fileRef = 507928EF2AF6C64F00F046BB /* Awards.json */; };
		507928F12AF7A6AB00F046BB /* SidebarViewToolbar.swift in Sources */ = {isa = PBXBuildFile; fileRef = 507928F02AF7A6AB00F046BB /* SidebarViewToolbar.swift */; };
		507928F32AF7AA9200F046BB /* IssueViewToolbar.swift in Sources */ = {isa = PBXBuildFile; fileRef = 507928F22AF7AA9200F046BB /* IssueViewToolbar.swift */; };
		507928F52AF7ACF300F046BB /* ContentViewToolbar.swift in Sources */ = {isa = PBXBuildFile; fileRef = 507928F42AF7ACF300F046BB /* ContentViewToolbar.swift */; };
		507928F72AF7AF5600F046BB /* TagsMenuView.swift in Sources */ = {isa = PBXBuildFile; fileRef = 507928F62AF7AF5600F046BB /* TagsMenuView.swift */; };
		507928F92AF7B25C00F046BB /* SmartFilterRow.swift in Sources */ = {isa = PBXBuildFile; fileRef = 507928F82AF7B25C00F046BB /* SmartFilterRow.swift */; };
		507928FB2AF7B3A600F046BB /* UserFilterRow.swift in Sources */ = {isa = PBXBuildFile; fileRef = 507928FA2AF7B3A600F046BB /* UserFilterRow.swift */; };
		50813E9A2AD484FF00483464 /* SidebarView.swift in Sources */ = {isa = PBXBuildFile; fileRef = 50813E992AD484FF00483464 /* SidebarView.swift */; };
		50813E9C2AD4851B00483464 /* DetailView.swift in Sources */ = {isa = PBXBuildFile; fileRef = 50813E9B2AD4851B00483464 /* DetailView.swift */; };
		50813E9E2AD4881800483464 /* Filter.swift in Sources */ = {isa = PBXBuildFile; fileRef = 50813E9D2AD4881800483464 /* Filter.swift */; };
		50E3C63E2B00067C00A893E9 /* AssetTests.swift in Sources */ = {isa = PBXBuildFile; fileRef = 50E3C63D2B00067C00A893E9 /* AssetTests.swift */; };
		50E3C6402B00CFE300A893E9 /* TagTests.swift in Sources */ = {isa = PBXBuildFile; fileRef = 50E3C63F2B00CFE300A893E9 /* TagTests.swift */; };
		50E3C6422B00D83100A893E9 /* AwardsTests.swift in Sources */ = {isa = PBXBuildFile; fileRef = 50E3C6412B00D83100A893E9 /* AwardsTests.swift */; };
		50EC76612ADB2A5A004A14F9 /* IssueView.swift in Sources */ = {isa = PBXBuildFile; fileRef = 50EC76602ADB2A5A004A14F9 /* IssueView.swift */; };
		50EC76632ADB2A67004A14F9 /* NoIssueView.swift in Sources */ = {isa = PBXBuildFile; fileRef = 50EC76622ADB2A67004A14F9 /* NoIssueView.swift */; };
		50F50CEE2B068D350021535F /* DevelopmentTests.swift in Sources */ = {isa = PBXBuildFile; fileRef = 50F50CED2B068D350021535F /* DevelopmentTests.swift */; };
		50F50CF02B0698300021535F /* ExtensionTests.swift in Sources */ = {isa = PBXBuildFile; fileRef = 50F50CEF2B0698300021535F /* ExtensionTests.swift */; };
		50F5EF122AFFD59D00A0148F /* UltimatePortfolioTests.swift in Sources */ = {isa = PBXBuildFile; fileRef = 50F5EF112AFFD59D00A0148F /* UltimatePortfolioTests.swift */; };
/* End PBXBuildFile section */

/* Begin PBXContainerItemProxy section */
		50F5EF132AFFD59D00A0148F /* PBXContainerItemProxy */ = {
			isa = PBXContainerItemProxy;
			containerPortal = 501063AA2AD1715D00AE10F1 /* Project object */;
			proxyType = 1;
			remoteGlobalIDString = 501063B12AD1715D00AE10F1;
			remoteInfo = UltimatePortfolio;
		};
/* End PBXContainerItemProxy section */

/* Begin PBXFileReference section */
		501063B22AD1715D00AE10F1 /* UltimatePortfolio.app */ = {isa = PBXFileReference; explicitFileType = wrapper.application; includeInIndex = 0; path = UltimatePortfolio.app; sourceTree = BUILT_PRODUCTS_DIR; };
		501063B52AD1715D00AE10F1 /* UltimatePortfolioApp.swift */ = {isa = PBXFileReference; lastKnownFileType = sourcecode.swift; path = UltimatePortfolioApp.swift; sourceTree = "<group>"; };
		501063B72AD1715D00AE10F1 /* ContentView.swift */ = {isa = PBXFileReference; lastKnownFileType = sourcecode.swift; path = ContentView.swift; sourceTree = "<group>"; };
		501063B92AD1715F00AE10F1 /* Assets.xcassets */ = {isa = PBXFileReference; lastKnownFileType = folder.assetcatalog; path = Assets.xcassets; sourceTree = "<group>"; };
		501063BB2AD1715F00AE10F1 /* UltimatePortfolio.entitlements */ = {isa = PBXFileReference; lastKnownFileType = text.plist.entitlements; path = UltimatePortfolio.entitlements; sourceTree = "<group>"; };
		501063BD2AD1715F00AE10F1 /* Preview Assets.xcassets */ = {isa = PBXFileReference; lastKnownFileType = folder.assetcatalog; path = "Preview Assets.xcassets"; sourceTree = "<group>"; };
		501063C52AD18E1200AE10F1 /* Main.xcdatamodel */ = {isa = PBXFileReference; lastKnownFileType = wrapper.xcdatamodel; path = Main.xcdatamodel; sourceTree = "<group>"; };
		501063C72AD191A000AE10F1 /* DataController.swift */ = {isa = PBXFileReference; lastKnownFileType = sourcecode.swift; path = DataController.swift; sourceTree = "<group>"; };
		501063C92AD1A3F900AE10F1 /* Info.plist */ = {isa = PBXFileReference; lastKnownFileType = text.plist.xml; path = Info.plist; sourceTree = "<group>"; };
		50237D042AD7240A00E97BC1 /* Issue-CoreDataHelpers.swift */ = {isa = PBXFileReference; lastKnownFileType = sourcecode.swift; path = "Issue-CoreDataHelpers.swift"; sourceTree = "<group>"; };
		50237D062AD724AF00E97BC1 /* Tag-CoreDataHelpers.swift */ = {isa = PBXFileReference; lastKnownFileType = sourcecode.swift; path = "Tag-CoreDataHelpers.swift"; sourceTree = "<group>"; };
		50237D082AD735C300E97BC1 /* IssueRow.swift */ = {isa = PBXFileReference; lastKnownFileType = sourcecode.swift; path = IssueRow.swift; sourceTree = "<group>"; };
		507126582AF4209B00D7BDF0 /* Bundle-Decodable.swift */ = {isa = PBXFileReference; lastKnownFileType = sourcecode.swift; path = "Bundle-Decodable.swift"; sourceTree = "<group>"; };
		5071265C2AF4309E00D7BDF0 /* Award.swift */ = {isa = PBXFileReference; lastKnownFileType = sourcecode.swift; path = Award.swift; sourceTree = "<group>"; };
		5071265E2AF432C400D7BDF0 /* AwardsView.swift */ = {isa = PBXFileReference; lastKnownFileType = sourcecode.swift; path = AwardsView.swift; sourceTree = "<group>"; };
		507126602AF43D6100D7BDF0 /* Colors.xcassets */ = {isa = PBXFileReference; lastKnownFileType = folder.assetcatalog; path = Colors.xcassets; sourceTree = "<group>"; };
		507928EB2AF68F7300F046BB /* Localizable.xcstrings */ = {isa = PBXFileReference; lastKnownFileType = text.json.xcstrings; path = Localizable.xcstrings; sourceTree = "<group>"; };
		507928EE2AF6C64F00F046BB /* de */ = {isa = PBXFileReference; lastKnownFileType = text.json; name = de; path = de.lproj/Awards.json; sourceTree = "<group>"; };
		507928F02AF7A6AB00F046BB /* SidebarViewToolbar.swift */ = {isa = PBXFileReference; lastKnownFileType = sourcecode.swift; path = SidebarViewToolbar.swift; sourceTree = "<group>"; };
		507928F22AF7AA9200F046BB /* IssueViewToolbar.swift */ = {isa = PBXFileReference; lastKnownFileType = sourcecode.swift; path = IssueViewToolbar.swift; sourceTree = "<group>"; };
		507928F42AF7ACF300F046BB /* ContentViewToolbar.swift */ = {isa = PBXFileReference; lastKnownFileType = sourcecode.swift; path = ContentViewToolbar.swift; sourceTree = "<group>"; };
		507928F62AF7AF5600F046BB /* TagsMenuView.swift */ = {isa = PBXFileReference; lastKnownFileType = sourcecode.swift; path = TagsMenuView.swift; sourceTree = "<group>"; };
		507928F82AF7B25C00F046BB /* SmartFilterRow.swift */ = {isa = PBXFileReference; lastKnownFileType = sourcecode.swift; path = SmartFilterRow.swift; sourceTree = "<group>"; };
		507928FA2AF7B3A600F046BB /* UserFilterRow.swift */ = {isa = PBXFileReference; lastKnownFileType = sourcecode.swift; path = UserFilterRow.swift; sourceTree = "<group>"; };
		50813E992AD484FF00483464 /* SidebarView.swift */ = {isa = PBXFileReference; lastKnownFileType = sourcecode.swift; path = SidebarView.swift; sourceTree = "<group>"; };
		50813E9B2AD4851B00483464 /* DetailView.swift */ = {isa = PBXFileReference; lastKnownFileType = sourcecode.swift; path = DetailView.swift; sourceTree = "<group>"; };
		50813E9D2AD4881800483464 /* Filter.swift */ = {isa = PBXFileReference; lastKnownFileType = sourcecode.swift; path = Filter.swift; sourceTree = "<group>"; };
		50E3C63D2B00067C00A893E9 /* AssetTests.swift */ = {isa = PBXFileReference; lastKnownFileType = sourcecode.swift; path = AssetTests.swift; sourceTree = "<group>"; };
		50E3C63F2B00CFE300A893E9 /* TagTests.swift */ = {isa = PBXFileReference; lastKnownFileType = sourcecode.swift; path = TagTests.swift; sourceTree = "<group>"; };
		50E3C6412B00D83100A893E9 /* AwardsTests.swift */ = {isa = PBXFileReference; lastKnownFileType = sourcecode.swift; path = AwardsTests.swift; sourceTree = "<group>"; };
		50EC76602ADB2A5A004A14F9 /* IssueView.swift */ = {isa = PBXFileReference; lastKnownFileType = sourcecode.swift; path = IssueView.swift; sourceTree = "<group>"; };
		50EC76622ADB2A67004A14F9 /* NoIssueView.swift */ = {isa = PBXFileReference; lastKnownFileType = sourcecode.swift; path = NoIssueView.swift; sourceTree = "<group>"; };
		50F50CED2B068D350021535F /* DevelopmentTests.swift */ = {isa = PBXFileReference; lastKnownFileType = sourcecode.swift; path = DevelopmentTests.swift; sourceTree = "<group>"; };
		50F50CEF2B0698300021535F /* ExtensionTests.swift */ = {isa = PBXFileReference; lastKnownFileType = sourcecode.swift; path = ExtensionTests.swift; sourceTree = "<group>"; };
		50F5EF0F2AFFD59D00A0148F /* UltimatePortfolioTests.xctest */ = {isa = PBXFileReference; explicitFileType = wrapper.cfbundle; includeInIndex = 0; path = UltimatePortfolioTests.xctest; sourceTree = BUILT_PRODUCTS_DIR; };
		50F5EF112AFFD59D00A0148F /* UltimatePortfolioTests.swift */ = {isa = PBXFileReference; lastKnownFileType = sourcecode.swift; path = UltimatePortfolioTests.swift; sourceTree = "<group>"; };
/* End PBXFileReference section */

/* Begin PBXFrameworksBuildPhase section */
		501063AF2AD1715D00AE10F1 /* Frameworks */ = {
			isa = PBXFrameworksBuildPhase;
			buildActionMask = 2147483647;
			files = (
			);
			runOnlyForDeploymentPostprocessing = 0;
		};
		50F5EF0C2AFFD59D00A0148F /* Frameworks */ = {
			isa = PBXFrameworksBuildPhase;
			buildActionMask = 2147483647;
			files = (
			);
			runOnlyForDeploymentPostprocessing = 0;
		};
/* End PBXFrameworksBuildPhase section */

/* Begin PBXGroup section */
		501063A92AD1715D00AE10F1 = {
			isa = PBXGroup;
			children = (
				501063B42AD1715D00AE10F1 /* UltimatePortfolio */,
				50F5EF102AFFD59D00A0148F /* UltimatePortfolioTests */,
				501063B32AD1715D00AE10F1 /* Products */,
				50D07D1D2AF7DBC0005A8E9B /* Frameworks */,
			);
			sourceTree = "<group>";
		};
		501063B32AD1715D00AE10F1 /* Products */ = {
			isa = PBXGroup;
			children = (
				501063B22AD1715D00AE10F1 /* UltimatePortfolio.app */,
				50F5EF0F2AFFD59D00A0148F /* UltimatePortfolioTests.xctest */,
			);
			name = Products;
			sourceTree = "<group>";
		};
		501063B42AD1715D00AE10F1 /* UltimatePortfolio */ = {
			isa = PBXGroup;
			children = (
				50F5EF072AFFAFD200A0148F /* Filters */,
				50F5EF082AFFAFDB00A0148F /* Issues */,
				50F5EF092AFFAFE300A0148F /* Editing */,
				50F5EF0A2AFFAFF300A0148F /* Awards */,
				50F5EF042AFFAC9100A0148F /* Extensions */,
				50F5EF052AFFACE600A0148F /* Localization */,
				50F5EF062AFFAD0E00A0148F /* Configuration */,
				501063B52AD1715D00AE10F1 /* UltimatePortfolioApp.swift */,
				501063C72AD191A000AE10F1 /* DataController.swift */,
				507126602AF43D6100D7BDF0 /* Colors.xcassets */,
				501063B92AD1715F00AE10F1 /* Assets.xcassets */,
				501063BC2AD1715F00AE10F1 /* Preview Content */,
			);
			path = UltimatePortfolio;
			sourceTree = "<group>";
		};
		501063BC2AD1715F00AE10F1 /* Preview Content */ = {
			isa = PBXGroup;
			children = (
				501063BD2AD1715F00AE10F1 /* Preview Assets.xcassets */,
			);
			path = "Preview Content";
			sourceTree = "<group>";
		};
		50D07D1D2AF7DBC0005A8E9B /* Frameworks */ = {
			isa = PBXGroup;
			children = (
			);
			name = Frameworks;
			sourceTree = "<group>";
		};
		50F5EF042AFFAC9100A0148F /* Extensions */ = {
			isa = PBXGroup;
			children = (
				507126582AF4209B00D7BDF0 /* Bundle-Decodable.swift */,
				50237D042AD7240A00E97BC1 /* Issue-CoreDataHelpers.swift */,
				50237D062AD724AF00E97BC1 /* Tag-CoreDataHelpers.swift */,
			);
			path = Extensions;
			sourceTree = "<group>";
		};
		50F5EF052AFFACE600A0148F /* Localization */ = {
			isa = PBXGroup;
			children = (
				507928EB2AF68F7300F046BB /* Localizable.xcstrings */,
			);
			path = Localization;
			sourceTree = "<group>";
		};
		50F5EF062AFFAD0E00A0148F /* Configuration */ = {
			isa = PBXGroup;
			children = (
				501063C92AD1A3F900AE10F1 /* Info.plist */,
				501063C42AD18E1200AE10F1 /* Main.xcdatamodeld */,
				501063BB2AD1715F00AE10F1 /* UltimatePortfolio.entitlements */,
			);
			path = Configuration;
			sourceTree = "<group>";
		};
		50F5EF072AFFAFD200A0148F /* Filters */ = {
			isa = PBXGroup;
			children = (
				50813E9D2AD4881800483464 /* Filter.swift */,
				50813E992AD484FF00483464 /* SidebarView.swift */,
				507928F02AF7A6AB00F046BB /* SidebarViewToolbar.swift */,
				507928F82AF7B25C00F046BB /* SmartFilterRow.swift */,
				507928FA2AF7B3A600F046BB /* UserFilterRow.swift */,
			);
			path = Filters;
			sourceTree = "<group>";
		};
		50F5EF082AFFAFDB00A0148F /* Issues */ = {
			isa = PBXGroup;
			children = (
				501063B72AD1715D00AE10F1 /* ContentView.swift */,
				507928F42AF7ACF300F046BB /* ContentViewToolbar.swift */,
				50237D082AD735C300E97BC1 /* IssueRow.swift */,
			);
			path = Issues;
			sourceTree = "<group>";
		};
		50F5EF092AFFAFE300A0148F /* Editing */ = {
			isa = PBXGroup;
			children = (
				50813E9B2AD4851B00483464 /* DetailView.swift */,
				50EC76602ADB2A5A004A14F9 /* IssueView.swift */,
				507928F22AF7AA9200F046BB /* IssueViewToolbar.swift */,
				50EC76622ADB2A67004A14F9 /* NoIssueView.swift */,
				507928F62AF7AF5600F046BB /* TagsMenuView.swift */,
			);
			path = Editing;
			sourceTree = "<group>";
		};
		50F5EF0A2AFFAFF300A0148F /* Awards */ = {
			isa = PBXGroup;
			children = (
				5071265C2AF4309E00D7BDF0 /* Award.swift */,
				507928EF2AF6C64F00F046BB /* Awards.json */,
				5071265E2AF432C400D7BDF0 /* AwardsView.swift */,
			);
			path = Awards;
			sourceTree = "<group>";
		};
		50F5EF102AFFD59D00A0148F /* UltimatePortfolioTests */ = {
			isa = PBXGroup;
			children = (
				50F5EF112AFFD59D00A0148F /* UltimatePortfolioTests.swift */,
				50F50CED2B068D350021535F /* DevelopmentTests.swift */,
				50E3C63F2B00CFE300A893E9 /* TagTests.swift */,
				50E3C63D2B00067C00A893E9 /* AssetTests.swift */,
				50E3C6412B00D83100A893E9 /* AwardsTests.swift */,
				50F50CEF2B0698300021535F /* ExtensionTests.swift */,
			);
			path = UltimatePortfolioTests;
			sourceTree = "<group>";
		};
/* End PBXGroup section */

/* Begin PBXNativeTarget section */
		501063B12AD1715D00AE10F1 /* UltimatePortfolio */ = {
			isa = PBXNativeTarget;
			buildConfigurationList = 501063C12AD1715F00AE10F1 /* Build configuration list for PBXNativeTarget "UltimatePortfolio" */;
			buildPhases = (
				501063AE2AD1715D00AE10F1 /* Sources */,
				501063AF2AD1715D00AE10F1 /* Frameworks */,
				501063B02AD1715D00AE10F1 /* Resources */,
				50D07D242AF7E4DD005A8E9B /* SwiftLint */,
			);
			buildRules = (
			);
			dependencies = (
			);
			name = UltimatePortfolio;
			packageProductDependencies = (
			);
			productName = UltimatePortfolio;
			productReference = 501063B22AD1715D00AE10F1 /* UltimatePortfolio.app */;
			productType = "com.apple.product-type.application";
		};
		50F5EF0E2AFFD59D00A0148F /* UltimatePortfolioTests */ = {
			isa = PBXNativeTarget;
			buildConfigurationList = 50F5EF152AFFD59D00A0148F /* Build configuration list for PBXNativeTarget "UltimatePortfolioTests" */;
			buildPhases = (
				50F5EF0B2AFFD59D00A0148F /* Sources */,
				50F5EF0C2AFFD59D00A0148F /* Frameworks */,
				50F5EF0D2AFFD59D00A0148F /* Resources */,
			);
			buildRules = (
			);
			dependencies = (
				50F5EF142AFFD59D00A0148F /* PBXTargetDependency */,
			);
			name = UltimatePortfolioTests;
			productName = UltimatePortfolioTests;
			productReference = 50F5EF0F2AFFD59D00A0148F /* UltimatePortfolioTests.xctest */;
			productType = "com.apple.product-type.bundle.unit-test";
		};
/* End PBXNativeTarget section */

/* Begin PBXProject section */
		501063AA2AD1715D00AE10F1 /* Project object */ = {
			isa = PBXProject;
			attributes = {
				BuildIndependentTargetsInParallel = 1;
				LastSwiftUpdateCheck = 1500;
				LastUpgradeCheck = 1500;
				TargetAttributes = {
					501063B12AD1715D00AE10F1 = {
						CreatedOnToolsVersion = 15.0;
					};
					50F5EF0E2AFFD59D00A0148F = {
						CreatedOnToolsVersion = 15.0.1;
						TestTargetID = 501063B12AD1715D00AE10F1;
					};
				};
			};
			buildConfigurationList = 501063AD2AD1715D00AE10F1 /* Build configuration list for PBXProject "UltimatePortfolio" */;
			compatibilityVersion = "Xcode 14.0";
			developmentRegion = en;
			hasScannedForEncodings = 0;
			knownRegions = (
				en,
				Base,
				de,
			);
			mainGroup = 501063A92AD1715D00AE10F1;
			packageReferences = (
			);
			productRefGroup = 501063B32AD1715D00AE10F1 /* Products */;
			projectDirPath = "";
			projectRoot = "";
			targets = (
				501063B12AD1715D00AE10F1 /* UltimatePortfolio */,
				50F5EF0E2AFFD59D00A0148F /* UltimatePortfolioTests */,
			);
		};
/* End PBXProject section */

/* Begin PBXResourcesBuildPhase section */
		501063B02AD1715D00AE10F1 /* Resources */ = {
			isa = PBXResourcesBuildPhase;
			buildActionMask = 2147483647;
			files = (
				507126612AF43D6100D7BDF0 /* Colors.xcassets in Resources */,
				507928EC2AF68F7300F046BB /* Localizable.xcstrings in Resources */,
				507928ED2AF6C64F00F046BB /* Awards.json in Resources */,
				501063BE2AD1715F00AE10F1 /* Preview Assets.xcassets in Resources */,
				501063BA2AD1715F00AE10F1 /* Assets.xcassets in Resources */,
			);
			runOnlyForDeploymentPostprocessing = 0;
		};
		50F5EF0D2AFFD59D00A0148F /* Resources */ = {
			isa = PBXResourcesBuildPhase;
			buildActionMask = 2147483647;
			files = (
			);
			runOnlyForDeploymentPostprocessing = 0;
		};
/* End PBXResourcesBuildPhase section */

/* Begin PBXShellScriptBuildPhase section */
		50D07D242AF7E4DD005A8E9B /* SwiftLint */ = {
			isa = PBXShellScriptBuildPhase;
			alwaysOutOfDate = 1;
			buildActionMask = 2147483647;
			files = (
			);
			inputFileListPaths = (
			);
			inputPaths = (
			);
			name = SwiftLint;
			outputFileListPaths = (
			);
			outputPaths = (
			);
			runOnlyForDeploymentPostprocessing = 0;
			shellPath = /bin/sh;
			shellScript = "# Type a script or drag a script file from your workspace to insert its path.\nif [[ \"$(uname -m)\" == arm64 ]]; then\n    export PATH=\"/opt/homebrew/bin:$PATH\"\nfi\n\ncd /Users/albert/XCodeProjects/UltimatePortfolio\nif which swiftlint > /dev/null; then\n  swiftlint\nelse\n  echo \"warning: SwiftLint not installed, download from https://github.com/realm/SwiftLint\"\nfi\n";
		};
/* End PBXShellScriptBuildPhase section */

/* Begin PBXSourcesBuildPhase section */
		501063AE2AD1715D00AE10F1 /* Sources */ = {
			isa = PBXSourcesBuildPhase;
			buildActionMask = 2147483647;
			files = (
				50813E9E2AD4881800483464 /* Filter.swift in Sources */,
				507928F72AF7AF5600F046BB /* TagsMenuView.swift in Sources */,
				5071265D2AF4309E00D7BDF0 /* Award.swift in Sources */,
				507928F32AF7AA9200F046BB /* IssueViewToolbar.swift in Sources */,
				507928F92AF7B25C00F046BB /* SmartFilterRow.swift in Sources */,
				5071265F2AF432C400D7BDF0 /* AwardsView.swift in Sources */,
				50237D072AD724AF00E97BC1 /* Tag-CoreDataHelpers.swift in Sources */,
				501063C62AD18E1200AE10F1 /* Main.xcdatamodeld in Sources */,
				50237D052AD7240A00E97BC1 /* Issue-CoreDataHelpers.swift in Sources */,
				507126592AF4209B00D7BDF0 /* Bundle-Decodable.swift in Sources */,
				50813E9C2AD4851B00483464 /* DetailView.swift in Sources */,
				501063C82AD191A000AE10F1 /* DataController.swift in Sources */,
				507928F52AF7ACF300F046BB /* ContentViewToolbar.swift in Sources */,
				50813E9A2AD484FF00483464 /* SidebarView.swift in Sources */,
				501063B82AD1715D00AE10F1 /* ContentView.swift in Sources */,
				507928F12AF7A6AB00F046BB /* SidebarViewToolbar.swift in Sources */,
				50EC76612ADB2A5A004A14F9 /* IssueView.swift in Sources */,
				507928FB2AF7B3A600F046BB /* UserFilterRow.swift in Sources */,
				50EC76632ADB2A67004A14F9 /* NoIssueView.swift in Sources */,
				50237D092AD735C300E97BC1 /* IssueRow.swift in Sources */,
				501063B62AD1715D00AE10F1 /* UltimatePortfolioApp.swift in Sources */,
			);
			runOnlyForDeploymentPostprocessing = 0;
		};
		50F5EF0B2AFFD59D00A0148F /* Sources */ = {
			isa = PBXSourcesBuildPhase;
			buildActionMask = 2147483647;
			files = (
				50E3C63E2B00067C00A893E9 /* AssetTests.swift in Sources */,
				50E3C6422B00D83100A893E9 /* AwardsTests.swift in Sources */,
				50E3C6402B00CFE300A893E9 /* TagTests.swift in Sources */,
				50F50CF02B0698300021535F /* ExtensionTests.swift in Sources */,
				50F5EF122AFFD59D00A0148F /* UltimatePortfolioTests.swift in Sources */,
				50F50CEE2B068D350021535F /* DevelopmentTests.swift in Sources */,
			);
			runOnlyForDeploymentPostprocessing = 0;
		};
/* End PBXSourcesBuildPhase section */

/* Begin PBXTargetDependency section */
		50F5EF142AFFD59D00A0148F /* PBXTargetDependency */ = {
			isa = PBXTargetDependency;
			target = 501063B12AD1715D00AE10F1 /* UltimatePortfolio */;
			targetProxy = 50F5EF132AFFD59D00A0148F /* PBXContainerItemProxy */;
		};
/* End PBXTargetDependency section */

/* Begin PBXVariantGroup section */
		507928EF2AF6C64F00F046BB /* Awards.json */ = {
			isa = PBXVariantGroup;
			children = (
				507928EE2AF6C64F00F046BB /* de */,
			);
			name = Awards.json;
			sourceTree = "<group>";
		};
/* End PBXVariantGroup section */

/* Begin XCBuildConfiguration section */
		501063BF2AD1715F00AE10F1 /* Debug */ = {
			isa = XCBuildConfiguration;
			buildSettings = {
				ALWAYS_SEARCH_USER_PATHS = NO;
				ASSETCATALOG_COMPILER_GENERATE_SWIFT_ASSET_SYMBOL_EXTENSIONS = YES;
				CLANG_ANALYZER_NONNULL = YES;
				CLANG_ANALYZER_NUMBER_OBJECT_CONVERSION = YES_AGGRESSIVE;
				CLANG_CXX_LANGUAGE_STANDARD = "gnu++20";
				CLANG_ENABLE_MODULES = YES;
				CLANG_ENABLE_OBJC_ARC = YES;
				CLANG_ENABLE_OBJC_WEAK = YES;
				CLANG_WARN_BLOCK_CAPTURE_AUTORELEASING = YES;
				CLANG_WARN_BOOL_CONVERSION = YES;
				CLANG_WARN_COMMA = YES;
				CLANG_WARN_CONSTANT_CONVERSION = YES;
				CLANG_WARN_DEPRECATED_OBJC_IMPLEMENTATIONS = YES;
				CLANG_WARN_DIRECT_OBJC_ISA_USAGE = YES_ERROR;
				CLANG_WARN_DOCUMENTATION_COMMENTS = YES;
				CLANG_WARN_EMPTY_BODY = YES;
				CLANG_WARN_ENUM_CONVERSION = YES;
				CLANG_WARN_INFINITE_RECURSION = YES;
				CLANG_WARN_INT_CONVERSION = YES;
				CLANG_WARN_NON_LITERAL_NULL_CONVERSION = YES;
				CLANG_WARN_OBJC_IMPLICIT_RETAIN_SELF = YES;
				CLANG_WARN_OBJC_LITERAL_CONVERSION = YES;
				CLANG_WARN_OBJC_ROOT_CLASS = YES_ERROR;
				CLANG_WARN_QUOTED_INCLUDE_IN_FRAMEWORK_HEADER = YES;
				CLANG_WARN_RANGE_LOOP_ANALYSIS = YES;
				CLANG_WARN_STRICT_PROTOTYPES = YES;
				CLANG_WARN_SUSPICIOUS_MOVE = YES;
				CLANG_WARN_UNGUARDED_AVAILABILITY = YES_AGGRESSIVE;
				CLANG_WARN_UNREACHABLE_CODE = YES;
				CLANG_WARN__DUPLICATE_METHOD_MATCH = YES;
				COPY_PHASE_STRIP = NO;
				DEBUG_INFORMATION_FORMAT = dwarf;
				ENABLE_STRICT_OBJC_MSGSEND = YES;
				ENABLE_TESTABILITY = YES;
				ENABLE_USER_SCRIPT_SANDBOXING = YES;
				GCC_C_LANGUAGE_STANDARD = gnu17;
				GCC_DYNAMIC_NO_PIC = NO;
				GCC_NO_COMMON_BLOCKS = YES;
				GCC_OPTIMIZATION_LEVEL = 0;
				GCC_PREPROCESSOR_DEFINITIONS = (
					"DEBUG=1",
					"$(inherited)",
				);
				GCC_WARN_64_TO_32_BIT_CONVERSION = YES;
				GCC_WARN_ABOUT_RETURN_TYPE = YES_ERROR;
				GCC_WARN_UNDECLARED_SELECTOR = YES;
				GCC_WARN_UNINITIALIZED_AUTOS = YES_AGGRESSIVE;
				GCC_WARN_UNUSED_FUNCTION = YES;
				GCC_WARN_UNUSED_VARIABLE = YES;
				IPHONEOS_DEPLOYMENT_TARGET = 17.0;
				LOCALIZATION_PREFERS_STRING_CATALOGS = YES;
				MACOSX_DEPLOYMENT_TARGET = 14.0;
				MTL_ENABLE_DEBUG_INFO = INCLUDE_SOURCE;
				MTL_FAST_MATH = YES;
				ONLY_ACTIVE_ARCH = YES;
				SWIFT_ACTIVE_COMPILATION_CONDITIONS = "DEBUG $(inherited)";
				SWIFT_OPTIMIZATION_LEVEL = "-Onone";
			};
			name = Debug;
		};
		501063C02AD1715F00AE10F1 /* Release */ = {
			isa = XCBuildConfiguration;
			buildSettings = {
				ALWAYS_SEARCH_USER_PATHS = NO;
				ASSETCATALOG_COMPILER_GENERATE_SWIFT_ASSET_SYMBOL_EXTENSIONS = YES;
				CLANG_ANALYZER_NONNULL = YES;
				CLANG_ANALYZER_NUMBER_OBJECT_CONVERSION = YES_AGGRESSIVE;
				CLANG_CXX_LANGUAGE_STANDARD = "gnu++20";
				CLANG_ENABLE_MODULES = YES;
				CLANG_ENABLE_OBJC_ARC = YES;
				CLANG_ENABLE_OBJC_WEAK = YES;
				CLANG_WARN_BLOCK_CAPTURE_AUTORELEASING = YES;
				CLANG_WARN_BOOL_CONVERSION = YES;
				CLANG_WARN_COMMA = YES;
				CLANG_WARN_CONSTANT_CONVERSION = YES;
				CLANG_WARN_DEPRECATED_OBJC_IMPLEMENTATIONS = YES;
				CLANG_WARN_DIRECT_OBJC_ISA_USAGE = YES_ERROR;
				CLANG_WARN_DOCUMENTATION_COMMENTS = YES;
				CLANG_WARN_EMPTY_BODY = YES;
				CLANG_WARN_ENUM_CONVERSION = YES;
				CLANG_WARN_INFINITE_RECURSION = YES;
				CLANG_WARN_INT_CONVERSION = YES;
				CLANG_WARN_NON_LITERAL_NULL_CONVERSION = YES;
				CLANG_WARN_OBJC_IMPLICIT_RETAIN_SELF = YES;
				CLANG_WARN_OBJC_LITERAL_CONVERSION = YES;
				CLANG_WARN_OBJC_ROOT_CLASS = YES_ERROR;
				CLANG_WARN_QUOTED_INCLUDE_IN_FRAMEWORK_HEADER = YES;
				CLANG_WARN_RANGE_LOOP_ANALYSIS = YES;
				CLANG_WARN_STRICT_PROTOTYPES = YES;
				CLANG_WARN_SUSPICIOUS_MOVE = YES;
				CLANG_WARN_UNGUARDED_AVAILABILITY = YES_AGGRESSIVE;
				CLANG_WARN_UNREACHABLE_CODE = YES;
				CLANG_WARN__DUPLICATE_METHOD_MATCH = YES;
				COPY_PHASE_STRIP = NO;
				DEBUG_INFORMATION_FORMAT = "dwarf-with-dsym";
				ENABLE_NS_ASSERTIONS = NO;
				ENABLE_STRICT_OBJC_MSGSEND = YES;
				ENABLE_USER_SCRIPT_SANDBOXING = YES;
				GCC_C_LANGUAGE_STANDARD = gnu17;
				GCC_NO_COMMON_BLOCKS = YES;
				GCC_WARN_64_TO_32_BIT_CONVERSION = YES;
				GCC_WARN_ABOUT_RETURN_TYPE = YES_ERROR;
				GCC_WARN_UNDECLARED_SELECTOR = YES;
				GCC_WARN_UNINITIALIZED_AUTOS = YES_AGGRESSIVE;
				GCC_WARN_UNUSED_FUNCTION = YES;
				GCC_WARN_UNUSED_VARIABLE = YES;
				IPHONEOS_DEPLOYMENT_TARGET = 17.0;
				LOCALIZATION_PREFERS_STRING_CATALOGS = YES;
				MACOSX_DEPLOYMENT_TARGET = 14.0;
				MTL_ENABLE_DEBUG_INFO = NO;
				MTL_FAST_MATH = YES;
				SWIFT_COMPILATION_MODE = wholemodule;
			};
			name = Release;
		};
		501063C22AD1715F00AE10F1 /* Debug */ = {
			isa = XCBuildConfiguration;
			buildSettings = {
				ASSETCATALOG_COMPILER_APPICON_NAME = AppIcon;
				ASSETCATALOG_COMPILER_GLOBAL_ACCENT_COLOR_NAME = AccentColor;
				CODE_SIGN_ENTITLEMENTS = UltimatePortfolio/Configuration/UltimatePortfolio.entitlements;
				CODE_SIGN_IDENTITY = "Apple Development";
				"CODE_SIGN_IDENTITY[sdk=macosx*]" = "Apple Development";
				CODE_SIGN_STYLE = Automatic;
				CURRENT_PROJECT_VERSION = 1;
				DEVELOPMENT_ASSET_PATHS = "\"UltimatePortfolio/Preview Content\"";
				DEVELOPMENT_TEAM = MKLPQK4JX8;
				ENABLE_HARDENED_RUNTIME = YES;
				ENABLE_PREVIEWS = YES;
				ENABLE_USER_SCRIPT_SANDBOXING = NO;
				GENERATE_INFOPLIST_FILE = YES;
				INFOPLIST_FILE = UltimatePortfolio/Configuration/Info.plist;
				"INFOPLIST_KEY_UIApplicationSceneManifest_Generation[sdk=iphoneos*]" = YES;
				"INFOPLIST_KEY_UIApplicationSceneManifest_Generation[sdk=iphonesimulator*]" = YES;
				"INFOPLIST_KEY_UIApplicationSupportsIndirectInputEvents[sdk=iphoneos*]" = YES;
				"INFOPLIST_KEY_UIApplicationSupportsIndirectInputEvents[sdk=iphonesimulator*]" = YES;
				"INFOPLIST_KEY_UILaunchScreen_Generation[sdk=iphoneos*]" = YES;
				"INFOPLIST_KEY_UILaunchScreen_Generation[sdk=iphonesimulator*]" = YES;
				"INFOPLIST_KEY_UIStatusBarStyle[sdk=iphoneos*]" = UIStatusBarStyleDefault;
				"INFOPLIST_KEY_UIStatusBarStyle[sdk=iphonesimulator*]" = UIStatusBarStyleDefault;
				INFOPLIST_KEY_UISupportedInterfaceOrientations_iPad = "UIInterfaceOrientationPortrait UIInterfaceOrientationPortraitUpsideDown UIInterfaceOrientationLandscapeLeft UIInterfaceOrientationLandscapeRight";
				INFOPLIST_KEY_UISupportedInterfaceOrientations_iPhone = "UIInterfaceOrientationPortrait UIInterfaceOrientationLandscapeLeft UIInterfaceOrientationLandscapeRight";
				IPHONEOS_DEPLOYMENT_TARGET = 17.0;
				LD_RUNPATH_SEARCH_PATHS = "@executable_path/Frameworks";
				"LD_RUNPATH_SEARCH_PATHS[sdk=macosx*]" = "@executable_path/../Frameworks";
				MACOSX_DEPLOYMENT_TARGET = 14.0;
				MARKETING_VERSION = 1.0;
				PRODUCT_BUNDLE_IDENTIFIER = de.zuzej.UltimatePortfolio;
				PRODUCT_NAME = "$(TARGET_NAME)";
				PROVISIONING_PROFILE_SPECIFIER = "";
				SDKROOT = auto;
				SUPPORTED_PLATFORMS = "iphoneos iphonesimulator macosx";
				SWIFT_EMIT_LOC_STRINGS = YES;
				SWIFT_VERSION = 5.0;
				TARGETED_DEVICE_FAMILY = "1,2";
			};
			name = Debug;
		};
		501063C32AD1715F00AE10F1 /* Release */ = {
			isa = XCBuildConfiguration;
			buildSettings = {
				ASSETCATALOG_COMPILER_APPICON_NAME = AppIcon;
				ASSETCATALOG_COMPILER_GLOBAL_ACCENT_COLOR_NAME = AccentColor;
				CODE_SIGN_ENTITLEMENTS = UltimatePortfolio/Configuration/UltimatePortfolio.entitlements;
				CODE_SIGN_IDENTITY = "Apple Development";
				"CODE_SIGN_IDENTITY[sdk=macosx*]" = "Apple Development";
				CODE_SIGN_STYLE = Automatic;
				CURRENT_PROJECT_VERSION = 1;
				DEVELOPMENT_ASSET_PATHS = "\"UltimatePortfolio/Preview Content\"";
				DEVELOPMENT_TEAM = MKLPQK4JX8;
				ENABLE_HARDENED_RUNTIME = YES;
				ENABLE_PREVIEWS = YES;
				ENABLE_USER_SCRIPT_SANDBOXING = NO;
				GENERATE_INFOPLIST_FILE = YES;
				INFOPLIST_FILE = UltimatePortfolio/Configuration/Info.plist;
				"INFOPLIST_KEY_UIApplicationSceneManifest_Generation[sdk=iphoneos*]" = YES;
				"INFOPLIST_KEY_UIApplicationSceneManifest_Generation[sdk=iphonesimulator*]" = YES;
				"INFOPLIST_KEY_UIApplicationSupportsIndirectInputEvents[sdk=iphoneos*]" = YES;
				"INFOPLIST_KEY_UIApplicationSupportsIndirectInputEvents[sdk=iphonesimulator*]" = YES;
				"INFOPLIST_KEY_UILaunchScreen_Generation[sdk=iphoneos*]" = YES;
				"INFOPLIST_KEY_UILaunchScreen_Generation[sdk=iphonesimulator*]" = YES;
				"INFOPLIST_KEY_UIStatusBarStyle[sdk=iphoneos*]" = UIStatusBarStyleDefault;
				"INFOPLIST_KEY_UIStatusBarStyle[sdk=iphonesimulator*]" = UIStatusBarStyleDefault;
				INFOPLIST_KEY_UISupportedInterfaceOrientations_iPad = "UIInterfaceOrientationPortrait UIInterfaceOrientationPortraitUpsideDown UIInterfaceOrientationLandscapeLeft UIInterfaceOrientationLandscapeRight";
				INFOPLIST_KEY_UISupportedInterfaceOrientations_iPhone = "UIInterfaceOrientationPortrait UIInterfaceOrientationLandscapeLeft UIInterfaceOrientationLandscapeRight";
				IPHONEOS_DEPLOYMENT_TARGET = 17.0;
				LD_RUNPATH_SEARCH_PATHS = "@executable_path/Frameworks";
				"LD_RUNPATH_SEARCH_PATHS[sdk=macosx*]" = "@executable_path/../Frameworks";
				MACOSX_DEPLOYMENT_TARGET = 14.0;
				MARKETING_VERSION = 1.0;
				PRODUCT_BUNDLE_IDENTIFIER = de.zuzej.UltimatePortfolio;
				PRODUCT_NAME = "$(TARGET_NAME)";
				PROVISIONING_PROFILE_SPECIFIER = "";
				SDKROOT = auto;
				SUPPORTED_PLATFORMS = "iphoneos iphonesimulator macosx";
				SWIFT_EMIT_LOC_STRINGS = YES;
				SWIFT_VERSION = 5.0;
				TARGETED_DEVICE_FAMILY = "1,2";
			};
			name = Release;
		};
		50F5EF162AFFD59D00A0148F /* Debug */ = {
			isa = XCBuildConfiguration;
			buildSettings = {
				BUNDLE_LOADER = "$(TEST_HOST)";
				CODE_SIGN_STYLE = Automatic;
				CURRENT_PROJECT_VERSION = 1;
				DEVELOPMENT_TEAM = MKLPQK4JX8;
				GENERATE_INFOPLIST_FILE = YES;
				MARKETING_VERSION = 1.0;
				PRODUCT_BUNDLE_IDENTIFIER = de.zuzej.UltimatePortfolioTests;
				PRODUCT_NAME = "$(TARGET_NAME)";
				SDKROOT = iphoneos;
				SWIFT_EMIT_LOC_STRINGS = NO;
				SWIFT_VERSION = 5.0;
				TARGETED_DEVICE_FAMILY = "1,2";
				TEST_HOST = "$(BUILT_PRODUCTS_DIR)/UltimatePortfolio.app/$(BUNDLE_EXECUTABLE_FOLDER_PATH)/UltimatePortfolio";
			};
			name = Debug;
		};
		50F5EF172AFFD59D00A0148F /* Release */ = {
			isa = XCBuildConfiguration;
			buildSettings = {
				BUNDLE_LOADER = "$(TEST_HOST)";
				CODE_SIGN_STYLE = Automatic;
				CURRENT_PROJECT_VERSION = 1;
				DEVELOPMENT_TEAM = MKLPQK4JX8;
				GENERATE_INFOPLIST_FILE = YES;
				MARKETING_VERSION = 1.0;
				PRODUCT_BUNDLE_IDENTIFIER = de.zuzej.UltimatePortfolioTests;
				PRODUCT_NAME = "$(TARGET_NAME)";
				SDKROOT = iphoneos;
				SWIFT_EMIT_LOC_STRINGS = NO;
				SWIFT_VERSION = 5.0;
				TARGETED_DEVICE_FAMILY = "1,2";
				TEST_HOST = "$(BUILT_PRODUCTS_DIR)/UltimatePortfolio.app/$(BUNDLE_EXECUTABLE_FOLDER_PATH)/UltimatePortfolio";
				VALIDATE_PRODUCT = YES;
			};
			name = Release;
		};
/* End XCBuildConfiguration section */

/* Begin XCConfigurationList section */
		501063AD2AD1715D00AE10F1 /* Build configuration list for PBXProject "UltimatePortfolio" */ = {
			isa = XCConfigurationList;
			buildConfigurations = (
				501063BF2AD1715F00AE10F1 /* Debug */,
				501063C02AD1715F00AE10F1 /* Release */,
			);
			defaultConfigurationIsVisible = 0;
			defaultConfigurationName = Release;
		};
		501063C12AD1715F00AE10F1 /* Build configuration list for PBXNativeTarget "UltimatePortfolio" */ = {
			isa = XCConfigurationList;
			buildConfigurations = (
				501063C22AD1715F00AE10F1 /* Debug */,
				501063C32AD1715F00AE10F1 /* Release */,
			);
			defaultConfigurationIsVisible = 0;
			defaultConfigurationName = Release;
		};
		50F5EF152AFFD59D00A0148F /* Build configuration list for PBXNativeTarget "UltimatePortfolioTests" */ = {
			isa = XCConfigurationList;
			buildConfigurations = (
				50F5EF162AFFD59D00A0148F /* Debug */,
				50F5EF172AFFD59D00A0148F /* Release */,
			);
			defaultConfigurationIsVisible = 0;
			defaultConfigurationName = Release;
		};
/* End XCConfigurationList section */

/* Begin XCVersionGroup section */
		501063C42AD18E1200AE10F1 /* Main.xcdatamodeld */ = {
			isa = XCVersionGroup;
			children = (
				501063C52AD18E1200AE10F1 /* Main.xcdatamodel */,
			);
			currentVersion = 501063C52AD18E1200AE10F1 /* Main.xcdatamodel */;
			path = Main.xcdatamodeld;
			sourceTree = "<group>";
			versionGroupType = wrapper.xcdatamodel;
		};
/* End XCVersionGroup section */
	};
	rootObject = 501063AA2AD1715D00AE10F1 /* Project object */;
}
